
Microsoft Visual Studio Solution File, Format Version 12.00
# Visual Studio 15
VisualStudioVersion = 15.0.27130.2027
MinimumVisualStudioVersion = 10.0.40219.1
Project("{FAE04EC0-301F-11D3-BF4B-00C04F79EFBC}") = "Client", "Client\Client.csproj", "{DD966394-08A3-4B79-9F06-B786788DB2C6}"
EndProject
Project("{FAE04EC0-301F-11D3-BF4B-00C04F79EFBC}") = "Server", "Server\Server.csproj", "{A58C32E5-D190-4FF1-A827-0B39ECE2F1AE}"
	ProjectSection(ProjectDependencies) = postProject
		{1ED39A02-E017-407D-8D32-FEE8A1E29264} = {1ED39A02-E017-407D-8D32-FEE8A1E29264}
	EndProjectSection
EndProject
Project("{2150E333-8FDC-42A3-9474-1A3956D46DE8}") = "Plugins", "Plugins", "{F82390F3-977B-4809-840E-697FB14D80CA}"
EndProject
Project("{FAE04EC0-301F-11D3-BF4B-00C04F79EFBC}") = "Core", "SDK\Core\Core.csproj", "{1ED39A02-E017-407D-8D32-FEE8A1E29264}"
EndProject
Project("{FAE04EC0-301F-11D3-BF4B-00C04F79EFBC}") = "Client", "SDK\Client\Client.csproj", "{F6AA79C1-4E08-4A75-A0B4-FFD2B33D89D7}"
EndProject
Project("{FAE04EC0-301F-11D3-BF4B-00C04F79EFBC}") = "Server", "SDK\Server\Server.csproj", "{5A53D22B-87F1-4B16-B54B-D0A8AEAC8E5D}"
EndProject
Project("{2150E333-8FDC-42A3-9474-1A3956D46DE8}") = "SDK", "SDK", "{1C310670-9791-4F0B-8F2E-6B89E2B7D51C}"
EndProject
Project("{2150E333-8FDC-42A3-9474-1A3956D46DE8}") = "Roleplay", "Roleplay", "{1EECDF9E-27EE-4D3F-8DC1-FCED0F8D6FFB}"
	ProjectSection(SolutionItems) = preProject
		Plugins\roleplay\plugin.yml = Plugins\roleplay\plugin.yml
	EndProjectSection
EndProject
Project("{FAE04EC0-301F-11D3-BF4B-00C04F79EFBC}") = "Roleplay.Core", "Plugins\roleplay\Core\Roleplay.Core.csproj", "{EBBAF8A2-40FF-435D-9549-A31E166D13EC}"
EndProject
Project("{FAE04EC0-301F-11D3-BF4B-00C04F79EFBC}") = "Roleplay.Server", "Plugins\roleplay\Server\Roleplay.Server.csproj", "{84187100-04F4-482A-900C-35BFEC0A392D}"
EndProject
Project("{2150E333-8FDC-42A3-9474-1A3956D46DE8}") = "TemplatePlugin", "TemplatePlugin", "{FBAB11C9-65CA-4B71-A70F-480A36A285FF}"
EndProject
Project("{FAE04EC0-301F-11D3-BF4B-00C04F79EFBC}") = "Client", "Plugins\template-plugin\Client\Client.csproj", "{A74F8E7A-6099-4D14-960D-1291036C2FF5}"
EndProject
Project("{FAE04EC0-301F-11D3-BF4B-00C04F79EFBC}") = "Core", "Plugins\template-plugin\Core\Core.csproj", "{ADBB55EB-BEAF-4CD5-8601-A614E759546B}"
EndProject
Project("{FAE04EC0-301F-11D3-BF4B-00C04F79EFBC}") = "Server", "Plugins\template-plugin\Server\Server.csproj", "{29A8AAF9-22AF-471E-8E99-A55D5AD6624D}"
EndProject
Project("{2150E333-8FDC-42A3-9474-1A3956D46DE8}") = "Vehicles", "Vehicles", "{3A310007-788C-4A21-B646-BE7C540C06EF}"
EndProject
Project("{FAE04EC0-301F-11D3-BF4B-00C04F79EFBC}") = "Roleplay.Vehicles.Client", "Plugins\roleplay-vehicles\Client\Roleplay.Vehicles.Client.csproj", "{CB83982A-9366-42FF-B8EE-4D079A8257D6}"
EndProject
Project("{FAE04EC0-301F-11D3-BF4B-00C04F79EFBC}") = "Roleplay.Vehicles.Core", "Plugins\roleplay-vehicles\Core\Roleplay.Vehicles.Core.csproj", "{DC2E9FEB-AE4B-4BD5-985C-FB1249EF0AFD}"
EndProject
Project("{FAE04EC0-301F-11D3-BF4B-00C04F79EFBC}") = "Roleplay.Vehicles.Server", "Plugins\roleplay-vehicles\Server\Roleplay.Vehicles.Server.csproj", "{D9061D93-1095-4868-9849-44FDD92C78E3}"
EndProject
Project("{FAE04EC0-301F-11D3-BF4B-00C04F79EFBC}") = "Roleplay.Client", "Plugins\roleplay\Client\Roleplay.Client.csproj", "{B03AFCEA-1E69-46FE-8F82-7149CB53E90D}"
EndProject
Global
	GlobalSection(SolutionConfigurationPlatforms) = preSolution
		Debug|Any CPU = Debug|Any CPU
		Debug|x64 = Debug|x64
		Release|Any CPU = Release|Any CPU
		Release|x64 = Release|x64
	EndGlobalSection
	GlobalSection(ProjectConfigurationPlatforms) = postSolution
		{DD966394-08A3-4B79-9F06-B786788DB2C6}.Debug|Any CPU.ActiveCfg = Debug|Any CPU
		{DD966394-08A3-4B79-9F06-B786788DB2C6}.Debug|Any CPU.Build.0 = Debug|Any CPU
		{DD966394-08A3-4B79-9F06-B786788DB2C6}.Debug|x64.ActiveCfg = Debug|Any CPU
		{DD966394-08A3-4B79-9F06-B786788DB2C6}.Debug|x64.Build.0 = Debug|Any CPU
		{DD966394-08A3-4B79-9F06-B786788DB2C6}.Release|Any CPU.ActiveCfg = Release|Any CPU
		{DD966394-08A3-4B79-9F06-B786788DB2C6}.Release|Any CPU.Build.0 = Release|Any CPU
		{DD966394-08A3-4B79-9F06-B786788DB2C6}.Release|x64.ActiveCfg = Release|Any CPU
		{DD966394-08A3-4B79-9F06-B786788DB2C6}.Release|x64.Build.0 = Release|Any CPU
		{A58C32E5-D190-4FF1-A827-0B39ECE2F1AE}.Debug|Any CPU.ActiveCfg = Debug|Any CPU
		{A58C32E5-D190-4FF1-A827-0B39ECE2F1AE}.Debug|Any CPU.Build.0 = Debug|Any CPU
		{A58C32E5-D190-4FF1-A827-0B39ECE2F1AE}.Debug|x64.ActiveCfg = Debug|Any CPU
		{A58C32E5-D190-4FF1-A827-0B39ECE2F1AE}.Debug|x64.Build.0 = Debug|Any CPU
		{A58C32E5-D190-4FF1-A827-0B39ECE2F1AE}.Release|Any CPU.ActiveCfg = Release|Any CPU
		{A58C32E5-D190-4FF1-A827-0B39ECE2F1AE}.Release|Any CPU.Build.0 = Release|Any CPU
		{A58C32E5-D190-4FF1-A827-0B39ECE2F1AE}.Release|x64.ActiveCfg = Release|Any CPU
		{A58C32E5-D190-4FF1-A827-0B39ECE2F1AE}.Release|x64.Build.0 = Release|Any CPU
		{1ED39A02-E017-407D-8D32-FEE8A1E29264}.Debug|Any CPU.ActiveCfg = Debug|Any CPU
		{1ED39A02-E017-407D-8D32-FEE8A1E29264}.Debug|Any CPU.Build.0 = Debug|Any CPU
		{1ED39A02-E017-407D-8D32-FEE8A1E29264}.Debug|x64.ActiveCfg = Debug|Any CPU
		{1ED39A02-E017-407D-8D32-FEE8A1E29264}.Debug|x64.Build.0 = Debug|Any CPU
		{1ED39A02-E017-407D-8D32-FEE8A1E29264}.Release|Any CPU.ActiveCfg = Release|Any CPU
		{1ED39A02-E017-407D-8D32-FEE8A1E29264}.Release|Any CPU.Build.0 = Release|Any CPU
		{1ED39A02-E017-407D-8D32-FEE8A1E29264}.Release|x64.ActiveCfg = Release|Any CPU
		{1ED39A02-E017-407D-8D32-FEE8A1E29264}.Release|x64.Build.0 = Release|Any CPU
		{F6AA79C1-4E08-4A75-A0B4-FFD2B33D89D7}.Debug|Any CPU.ActiveCfg = Debug|Any CPU
		{F6AA79C1-4E08-4A75-A0B4-FFD2B33D89D7}.Debug|Any CPU.Build.0 = Debug|Any CPU
		{F6AA79C1-4E08-4A75-A0B4-FFD2B33D89D7}.Debug|x64.ActiveCfg = Debug|Any CPU
		{F6AA79C1-4E08-4A75-A0B4-FFD2B33D89D7}.Debug|x64.Build.0 = Debug|Any CPU
		{F6AA79C1-4E08-4A75-A0B4-FFD2B33D89D7}.Release|Any CPU.ActiveCfg = Release|Any CPU
		{F6AA79C1-4E08-4A75-A0B4-FFD2B33D89D7}.Release|Any CPU.Build.0 = Release|Any CPU
		{F6AA79C1-4E08-4A75-A0B4-FFD2B33D89D7}.Release|x64.ActiveCfg = Release|Any CPU
		{F6AA79C1-4E08-4A75-A0B4-FFD2B33D89D7}.Release|x64.Build.0 = Release|Any CPU
		{5A53D22B-87F1-4B16-B54B-D0A8AEAC8E5D}.Debug|Any CPU.ActiveCfg = Debug|Any CPU
		{5A53D22B-87F1-4B16-B54B-D0A8AEAC8E5D}.Debug|Any CPU.Build.0 = Debug|Any CPU
		{5A53D22B-87F1-4B16-B54B-D0A8AEAC8E5D}.Debug|x64.ActiveCfg = Debug|Any CPU
		{5A53D22B-87F1-4B16-B54B-D0A8AEAC8E5D}.Debug|x64.Build.0 = Debug|Any CPU
		{5A53D22B-87F1-4B16-B54B-D0A8AEAC8E5D}.Release|Any CPU.ActiveCfg = Release|Any CPU
		{5A53D22B-87F1-4B16-B54B-D0A8AEAC8E5D}.Release|Any CPU.Build.0 = Release|Any CPU
		{5A53D22B-87F1-4B16-B54B-D0A8AEAC8E5D}.Release|x64.ActiveCfg = Release|Any CPU
		{5A53D22B-87F1-4B16-B54B-D0A8AEAC8E5D}.Release|x64.Build.0 = Release|Any CPU
		{EBBAF8A2-40FF-435D-9549-A31E166D13EC}.Debug|Any CPU.ActiveCfg = Debug|Any CPU
		{EBBAF8A2-40FF-435D-9549-A31E166D13EC}.Debug|Any CPU.Build.0 = Debug|Any CPU
		{EBBAF8A2-40FF-435D-9549-A31E166D13EC}.Debug|x64.ActiveCfg = Debug|Any CPU
		{EBBAF8A2-40FF-435D-9549-A31E166D13EC}.Debug|x64.Build.0 = Debug|Any CPU
		{EBBAF8A2-40FF-435D-9549-A31E166D13EC}.Release|Any CPU.ActiveCfg = Release|Any CPU
		{EBBAF8A2-40FF-435D-9549-A31E166D13EC}.Release|Any CPU.Build.0 = Release|Any CPU
		{EBBAF8A2-40FF-435D-9549-A31E166D13EC}.Release|x64.ActiveCfg = Release|Any CPU
		{EBBAF8A2-40FF-435D-9549-A31E166D13EC}.Release|x64.Build.0 = Release|Any CPU
		{84187100-04F4-482A-900C-35BFEC0A392D}.Debug|Any CPU.ActiveCfg = Debug|Any CPU
		{84187100-04F4-482A-900C-35BFEC0A392D}.Debug|Any CPU.Build.0 = Debug|Any CPU
		{84187100-04F4-482A-900C-35BFEC0A392D}.Debug|x64.ActiveCfg = Debug|Any CPU
		{84187100-04F4-482A-900C-35BFEC0A392D}.Debug|x64.Build.0 = Debug|Any CPU
		{84187100-04F4-482A-900C-35BFEC0A392D}.Release|Any CPU.ActiveCfg = Release|Any CPU
		{84187100-04F4-482A-900C-35BFEC0A392D}.Release|Any CPU.Build.0 = Release|Any CPU
		{84187100-04F4-482A-900C-35BFEC0A392D}.Release|x64.ActiveCfg = Release|Any CPU
		{84187100-04F4-482A-900C-35BFEC0A392D}.Release|x64.Build.0 = Release|Any CPU
		{A74F8E7A-6099-4D14-960D-1291036C2FF5}.Debug|Any CPU.ActiveCfg = Debug|Any CPU
		{A74F8E7A-6099-4D14-960D-1291036C2FF5}.Debug|Any CPU.Build.0 = Debug|Any CPU
		{A74F8E7A-6099-4D14-960D-1291036C2FF5}.Debug|x64.ActiveCfg = Debug|Any CPU
		{A74F8E7A-6099-4D14-960D-1291036C2FF5}.Debug|x64.Build.0 = Debug|Any CPU
		{A74F8E7A-6099-4D14-960D-1291036C2FF5}.Release|Any CPU.ActiveCfg = Release|Any CPU
		{A74F8E7A-6099-4D14-960D-1291036C2FF5}.Release|Any CPU.Build.0 = Release|Any CPU
		{A74F8E7A-6099-4D14-960D-1291036C2FF5}.Release|x64.ActiveCfg = Release|Any CPU
		{A74F8E7A-6099-4D14-960D-1291036C2FF5}.Release|x64.Build.0 = Release|Any CPU
		{ADBB55EB-BEAF-4CD5-8601-A614E759546B}.Debug|Any CPU.ActiveCfg = Debug|Any CPU
		{ADBB55EB-BEAF-4CD5-8601-A614E759546B}.Debug|Any CPU.Build.0 = Debug|Any CPU
		{ADBB55EB-BEAF-4CD5-8601-A614E759546B}.Debug|x64.ActiveCfg = Debug|Any CPU
		{ADBB55EB-BEAF-4CD5-8601-A614E759546B}.Debug|x64.Build.0 = Debug|Any CPU
		{ADBB55EB-BEAF-4CD5-8601-A614E759546B}.Release|Any CPU.ActiveCfg = Release|Any CPU
		{ADBB55EB-BEAF-4CD5-8601-A614E759546B}.Release|Any CPU.Build.0 = Release|Any CPU
		{ADBB55EB-BEAF-4CD5-8601-A614E759546B}.Release|x64.ActiveCfg = Release|Any CPU
		{ADBB55EB-BEAF-4CD5-8601-A614E759546B}.Release|x64.Build.0 = Release|Any CPU
		{29A8AAF9-22AF-471E-8E99-A55D5AD6624D}.Debug|Any CPU.ActiveCfg = Debug|Any CPU
		{29A8AAF9-22AF-471E-8E99-A55D5AD6624D}.Debug|Any CPU.Build.0 = Debug|Any CPU
		{29A8AAF9-22AF-471E-8E99-A55D5AD6624D}.Debug|x64.ActiveCfg = Debug|Any CPU
		{29A8AAF9-22AF-471E-8E99-A55D5AD6624D}.Debug|x64.Build.0 = Debug|Any CPU
		{29A8AAF9-22AF-471E-8E99-A55D5AD6624D}.Release|Any CPU.ActiveCfg = Release|Any CPU
		{29A8AAF9-22AF-471E-8E99-A55D5AD6624D}.Release|Any CPU.Build.0 = Release|Any CPU
		{29A8AAF9-22AF-471E-8E99-A55D5AD6624D}.Release|x64.ActiveCfg = Release|Any CPU
		{29A8AAF9-22AF-471E-8E99-A55D5AD6624D}.Release|x64.Build.0 = Release|Any CPU
		{CB83982A-9366-42FF-B8EE-4D079A8257D6}.Debug|Any CPU.ActiveCfg = Debug|Any CPU
		{CB83982A-9366-42FF-B8EE-4D079A8257D6}.Debug|Any CPU.Build.0 = Debug|Any CPU
		{CB83982A-9366-42FF-B8EE-4D079A8257D6}.Debug|x64.ActiveCfg = Debug|Any CPU
		{CB83982A-9366-42FF-B8EE-4D079A8257D6}.Debug|x64.Build.0 = Debug|Any CPU
		{CB83982A-9366-42FF-B8EE-4D079A8257D6}.Release|Any CPU.ActiveCfg = Release|Any CPU
		{CB83982A-9366-42FF-B8EE-4D079A8257D6}.Release|Any CPU.Build.0 = Release|Any CPU
		{CB83982A-9366-42FF-B8EE-4D079A8257D6}.Release|x64.ActiveCfg = Release|Any CPU
		{CB83982A-9366-42FF-B8EE-4D079A8257D6}.Release|x64.Build.0 = Release|Any CPU
		{DC2E9FEB-AE4B-4BD5-985C-FB1249EF0AFD}.Debug|Any CPU.ActiveCfg = Debug|Any CPU
		{DC2E9FEB-AE4B-4BD5-985C-FB1249EF0AFD}.Debug|Any CPU.Build.0 = Debug|Any CPU
		{DC2E9FEB-AE4B-4BD5-985C-FB1249EF0AFD}.Debug|x64.ActiveCfg = Debug|Any CPU
		{DC2E9FEB-AE4B-4BD5-985C-FB1249EF0AFD}.Debug|x64.Build.0 = Debug|Any CPU
		{DC2E9FEB-AE4B-4BD5-985C-FB1249EF0AFD}.Release|Any CPU.ActiveCfg = Release|Any CPU
		{DC2E9FEB-AE4B-4BD5-985C-FB1249EF0AFD}.Release|Any CPU.Build.0 = Release|Any CPU
		{DC2E9FEB-AE4B-4BD5-985C-FB1249EF0AFD}.Release|x64.ActiveCfg = Release|Any CPU
		{DC2E9FEB-AE4B-4BD5-985C-FB1249EF0AFD}.Release|x64.Build.0 = Release|Any CPU
		{D9061D93-1095-4868-9849-44FDD92C78E3}.Debug|Any CPU.ActiveCfg = Debug|Any CPU
		{D9061D93-1095-4868-9849-44FDD92C78E3}.Debug|Any CPU.Build.0 = Debug|Any CPU
		{D9061D93-1095-4868-9849-44FDD92C78E3}.Debug|x64.ActiveCfg = Debug|Any CPU
		{D9061D93-1095-4868-9849-44FDD92C78E3}.Debug|x64.Build.0 = Debug|Any CPU
		{D9061D93-1095-4868-9849-44FDD92C78E3}.Release|Any CPU.ActiveCfg = Release|Any CPU
		{D9061D93-1095-4868-9849-44FDD92C78E3}.Release|Any CPU.Build.0 = Release|Any CPU
		{D9061D93-1095-4868-9849-44FDD92C78E3}.Release|x64.ActiveCfg = Release|Any CPU
		{D9061D93-1095-4868-9849-44FDD92C78E3}.Release|x64.Build.0 = Release|Any CPU
		{B03AFCEA-1E69-46FE-8F82-7149CB53E90D}.Debug|Any CPU.ActiveCfg = Debug|Any CPU
		{B03AFCEA-1E69-46FE-8F82-7149CB53E90D}.Debug|Any CPU.Build.0 = Debug|Any CPU
		{B03AFCEA-1E69-46FE-8F82-7149CB53E90D}.Debug|x64.ActiveCfg = Debug|Any CPU
		{B03AFCEA-1E69-46FE-8F82-7149CB53E90D}.Debug|x64.Build.0 = Debug|Any CPU
		{B03AFCEA-1E69-46FE-8F82-7149CB53E90D}.Release|Any CPU.ActiveCfg = Release|Any CPU
		{B03AFCEA-1E69-46FE-8F82-7149CB53E90D}.Release|Any CPU.Build.0 = Release|Any CPU
		{B03AFCEA-1E69-46FE-8F82-7149CB53E90D}.Release|x64.ActiveCfg = Release|Any CPU
		{B03AFCEA-1E69-46FE-8F82-7149CB53E90D}.Release|x64.Build.0 = Release|Any CPU
	EndGlobalSection
	GlobalSection(SolutionProperties) = preSolution
		HideSolutionNode = FALSE
	EndGlobalSection
	GlobalSection(NestedProjects) = preSolution
		{1ED39A02-E017-407D-8D32-FEE8A1E29264} = {1C310670-9791-4F0B-8F2E-6B89E2B7D51C}
		{F6AA79C1-4E08-4A75-A0B4-FFD2B33D89D7} = {1C310670-9791-4F0B-8F2E-6B89E2B7D51C}
		{5A53D22B-87F1-4B16-B54B-D0A8AEAC8E5D} = {1C310670-9791-4F0B-8F2E-6B89E2B7D51C}
		{1EECDF9E-27EE-4D3F-8DC1-FCED0F8D6FFB} = {F82390F3-977B-4809-840E-697FB14D80CA}
		{EBBAF8A2-40FF-435D-9549-A31E166D13EC} = {1EECDF9E-27EE-4D3F-8DC1-FCED0F8D6FFB}
		{84187100-04F4-482A-900C-35BFEC0A392D} = {1EECDF9E-27EE-4D3F-8DC1-FCED0F8D6FFB}
		{FBAB11C9-65CA-4B71-A70F-480A36A285FF} = {F82390F3-977B-4809-840E-697FB14D80CA}
		{A74F8E7A-6099-4D14-960D-1291036C2FF5} = {FBAB11C9-65CA-4B71-A70F-480A36A285FF}
		{ADBB55EB-BEAF-4CD5-8601-A614E759546B} = {FBAB11C9-65CA-4B71-A70F-480A36A285FF}
		{29A8AAF9-22AF-471E-8E99-A55D5AD6624D} = {FBAB11C9-65CA-4B71-A70F-480A36A285FF}
		{3A310007-788C-4A21-B646-BE7C540C06EF} = {1EECDF9E-27EE-4D3F-8DC1-FCED0F8D6FFB}
		{CB83982A-9366-42FF-B8EE-4D079A8257D6} = {3A310007-788C-4A21-B646-BE7C540C06EF}
		{DC2E9FEB-AE4B-4BD5-985C-FB1249EF0AFD} = {3A310007-788C-4A21-B646-BE7C540C06EF}
		{D9061D93-1095-4868-9849-44FDD92C78E3} = {3A310007-788C-4A21-B646-BE7C540C06EF}
		{B03AFCEA-1E69-46FE-8F82-7149CB53E90D} = {1EECDF9E-27EE-4D3F-8DC1-FCED0F8D6FFB}
	EndGlobalSection
	GlobalSection(ExtensibilityGlobals) = postSolution
		SolutionGuid = {BB0B1E45-C907-48E6-8BF0-CC91C47DACD1}
	EndGlobalSection
EndGlobal
