
Microsoft Visual Studio Solution File, Format Version 12.00
# Visual Studio 15
VisualStudioVersion = 15.0.27130.2027
MinimumVisualStudioVersion = 10.0.40219.1
Project("{FAE04EC0-301F-11D3-BF4B-00C04F79EFBC}") = "Client", "Client\Client.csproj", "{DD966394-08A3-4B79-9F06-B786788DB2C6}"
EndProject
Project("{FAE04EC0-301F-11D3-BF4B-00C04F79EFBC}") = "Server", "Server\Server.csproj", "{A58C32E5-D190-4FF1-A827-0B39ECE2F1AE}"
	ProjectSection(ProjectDependencies) = postProject
		{1ED39A02-E017-407D-8D32-FEE8A1E29264} = {1ED39A02-E017-407D-8D32-FEE8A1E29264}
	EndProjectSection
EndProject
Project("{FAE04EC0-301F-11D3-BF4B-00C04F79EFBC}") = "Core", "Core\Core.csproj", "{EF2C3A9F-8CBB-42E3-B872-3A83C4A3782E}"
EndProject
Project("{FAE04EC0-301F-11D3-BF4B-00C04F79EFBC}") = "Models", "Models\Models.csproj", "{275637EC-6B60-4BD4-953C-F9596EFFE964}"
EndProject
Project("{2150E333-8FDC-42A3-9474-1A3956D46DE8}") = "Plugins", "Plugins", "{F82390F3-977B-4809-840E-697FB14D80CA}"
EndProject
Project("{FAE04EC0-301F-11D3-BF4B-00C04F79EFBC}") = "Core", "Plugins\Banking\Core\Core.csproj", "{7621784D-D512-42D4-93BF-FA1C856EBCBB}"
	ProjectSection(ProjectDependencies) = postProject
		{1ED39A02-E017-407D-8D32-FEE8A1E29264} = {1ED39A02-E017-407D-8D32-FEE8A1E29264}
		{275637EC-6B60-4BD4-953C-F9596EFFE964} = {275637EC-6B60-4BD4-953C-F9596EFFE964}
	EndProjectSection
EndProject
Project("{FAE04EC0-301F-11D3-BF4B-00C04F79EFBC}") = "Core", "SDK\Core\Core.csproj", "{1ED39A02-E017-407D-8D32-FEE8A1E29264}"
EndProject
Project("{FAE04EC0-301F-11D3-BF4B-00C04F79EFBC}") = "Client", "Plugins\Banking\Client\Client.csproj", "{E8B41609-26F2-4FB3-8E4A-E199E7A94D79}"
	ProjectSection(ProjectDependencies) = postProject
		{1ED39A02-E017-407D-8D32-FEE8A1E29264} = {1ED39A02-E017-407D-8D32-FEE8A1E29264}
		{275637EC-6B60-4BD4-953C-F9596EFFE964} = {275637EC-6B60-4BD4-953C-F9596EFFE964}
	EndProjectSection
EndProject
Project("{2150E333-8FDC-42A3-9474-1A3956D46DE8}") = "Banking", "Banking", "{359C4D04-4FBD-4B24-A1E1-EED791A7279B}"
	ProjectSection(SolutionItems) = preProject
		Plugins\Banking\plugin.yml = Plugins\Banking\plugin.yml
	EndProjectSection
EndProject
Project("{FAE04EC0-301F-11D3-BF4B-00C04F79EFBC}") = "Server", "Plugins\Banking\Server\Server.csproj", "{6CFCA03A-50EF-42A3-A4BA-82BB2DB8DFD2}"
EndProject
Project("{FAE04EC0-301F-11D3-BF4B-00C04F79EFBC}") = "Client", "SDK\Client\Client.csproj", "{F6AA79C1-4E08-4A75-A0B4-FFD2B33D89D7}"
EndProject
Project("{FAE04EC0-301F-11D3-BF4B-00C04F79EFBC}") = "Server", "SDK\Server\Server.csproj", "{5A53D22B-87F1-4B16-B54B-D0A8AEAC8E5D}"
EndProject
Project("{2150E333-8FDC-42A3-9474-1A3956D46DE8}") = "SDK", "SDK", "{1C310670-9791-4F0B-8F2E-6B89E2B7D51C}"
EndProject
Project("{FAE04EC0-301F-11D3-BF4B-00C04F79EFBC}") = "ServerDebug", "ServerDebug\ServerDebug.csproj", "{7A9C1111-447D-492B-A83D-9CEA0547CEDF}"
EndProject
Global
	GlobalSection(SolutionConfigurationPlatforms) = preSolution
		Debug|Any CPU = Debug|Any CPU
		Debug|x64 = Debug|x64
		Release|Any CPU = Release|Any CPU
		Release|x64 = Release|x64
	EndGlobalSection
	GlobalSection(ProjectConfigurationPlatforms) = postSolution
		{DD966394-08A3-4B79-9F06-B786788DB2C6}.Debug|Any CPU.ActiveCfg = Debug|Any CPU
		{DD966394-08A3-4B79-9F06-B786788DB2C6}.Debug|Any CPU.Build.0 = Debug|Any CPU
		{DD966394-08A3-4B79-9F06-B786788DB2C6}.Debug|x64.ActiveCfg = Debug|x64
		{DD966394-08A3-4B79-9F06-B786788DB2C6}.Debug|x64.Build.0 = Debug|x64
		{DD966394-08A3-4B79-9F06-B786788DB2C6}.Release|Any CPU.ActiveCfg = Release|Any CPU
		{DD966394-08A3-4B79-9F06-B786788DB2C6}.Release|Any CPU.Build.0 = Release|Any CPU
		{DD966394-08A3-4B79-9F06-B786788DB2C6}.Release|x64.ActiveCfg = Release|x64
		{DD966394-08A3-4B79-9F06-B786788DB2C6}.Release|x64.Build.0 = Release|x64
		{A58C32E5-D190-4FF1-A827-0B39ECE2F1AE}.Debug|Any CPU.ActiveCfg = Debug|Any CPU
		{A58C32E5-D190-4FF1-A827-0B39ECE2F1AE}.Debug|Any CPU.Build.0 = Debug|Any CPU
		{A58C32E5-D190-4FF1-A827-0B39ECE2F1AE}.Debug|x64.ActiveCfg = Debug|x64
		{A58C32E5-D190-4FF1-A827-0B39ECE2F1AE}.Debug|x64.Build.0 = Debug|x64
		{A58C32E5-D190-4FF1-A827-0B39ECE2F1AE}.Release|Any CPU.ActiveCfg = Release|Any CPU
		{A58C32E5-D190-4FF1-A827-0B39ECE2F1AE}.Release|Any CPU.Build.0 = Release|Any CPU
		{A58C32E5-D190-4FF1-A827-0B39ECE2F1AE}.Release|x64.ActiveCfg = Release|x64
		{A58C32E5-D190-4FF1-A827-0B39ECE2F1AE}.Release|x64.Build.0 = Release|x64
		{EF2C3A9F-8CBB-42E3-B872-3A83C4A3782E}.Debug|Any CPU.ActiveCfg = Debug|Any CPU
		{EF2C3A9F-8CBB-42E3-B872-3A83C4A3782E}.Debug|Any CPU.Build.0 = Debug|Any CPU
		{EF2C3A9F-8CBB-42E3-B872-3A83C4A3782E}.Debug|x64.ActiveCfg = Debug|Any CPU
		{EF2C3A9F-8CBB-42E3-B872-3A83C4A3782E}.Debug|x64.Build.0 = Debug|Any CPU
		{EF2C3A9F-8CBB-42E3-B872-3A83C4A3782E}.Release|Any CPU.ActiveCfg = Release|Any CPU
		{EF2C3A9F-8CBB-42E3-B872-3A83C4A3782E}.Release|Any CPU.Build.0 = Release|Any CPU
		{EF2C3A9F-8CBB-42E3-B872-3A83C4A3782E}.Release|x64.ActiveCfg = Release|Any CPU
		{EF2C3A9F-8CBB-42E3-B872-3A83C4A3782E}.Release|x64.Build.0 = Release|Any CPU
		{275637EC-6B60-4BD4-953C-F9596EFFE964}.Debug|Any CPU.ActiveCfg = Debug|Any CPU
		{275637EC-6B60-4BD4-953C-F9596EFFE964}.Debug|Any CPU.Build.0 = Debug|Any CPU
		{275637EC-6B60-4BD4-953C-F9596EFFE964}.Debug|x64.ActiveCfg = Debug|Any CPU
		{275637EC-6B60-4BD4-953C-F9596EFFE964}.Debug|x64.Build.0 = Debug|Any CPU
		{275637EC-6B60-4BD4-953C-F9596EFFE964}.Release|Any CPU.ActiveCfg = Release|Any CPU
		{275637EC-6B60-4BD4-953C-F9596EFFE964}.Release|Any CPU.Build.0 = Release|Any CPU
		{275637EC-6B60-4BD4-953C-F9596EFFE964}.Release|x64.ActiveCfg = Release|Any CPU
		{275637EC-6B60-4BD4-953C-F9596EFFE964}.Release|x64.Build.0 = Release|Any CPU
		{7621784D-D512-42D4-93BF-FA1C856EBCBB}.Debug|Any CPU.ActiveCfg = Debug|Any CPU
		{7621784D-D512-42D4-93BF-FA1C856EBCBB}.Debug|Any CPU.Build.0 = Debug|Any CPU
		{7621784D-D512-42D4-93BF-FA1C856EBCBB}.Debug|x64.ActiveCfg = Debug|Any CPU
		{7621784D-D512-42D4-93BF-FA1C856EBCBB}.Debug|x64.Build.0 = Debug|Any CPU
		{7621784D-D512-42D4-93BF-FA1C856EBCBB}.Release|Any CPU.ActiveCfg = Release|Any CPU
		{7621784D-D512-42D4-93BF-FA1C856EBCBB}.Release|Any CPU.Build.0 = Release|Any CPU
		{7621784D-D512-42D4-93BF-FA1C856EBCBB}.Release|x64.ActiveCfg = Release|Any CPU
		{7621784D-D512-42D4-93BF-FA1C856EBCBB}.Release|x64.Build.0 = Release|Any CPU
		{1ED39A02-E017-407D-8D32-FEE8A1E29264}.Debug|Any CPU.ActiveCfg = Debug|Any CPU
		{1ED39A02-E017-407D-8D32-FEE8A1E29264}.Debug|Any CPU.Build.0 = Debug|Any CPU
		{1ED39A02-E017-407D-8D32-FEE8A1E29264}.Debug|x64.ActiveCfg = Debug|Any CPU
		{1ED39A02-E017-407D-8D32-FEE8A1E29264}.Debug|x64.Build.0 = Debug|Any CPU
		{1ED39A02-E017-407D-8D32-FEE8A1E29264}.Release|Any CPU.ActiveCfg = Release|Any CPU
		{1ED39A02-E017-407D-8D32-FEE8A1E29264}.Release|Any CPU.Build.0 = Release|Any CPU
		{1ED39A02-E017-407D-8D32-FEE8A1E29264}.Release|x64.ActiveCfg = Release|Any CPU
		{1ED39A02-E017-407D-8D32-FEE8A1E29264}.Release|x64.Build.0 = Release|Any CPU
		{E8B41609-26F2-4FB3-8E4A-E199E7A94D79}.Debug|Any CPU.ActiveCfg = Debug|Any CPU
		{E8B41609-26F2-4FB3-8E4A-E199E7A94D79}.Debug|Any CPU.Build.0 = Debug|Any CPU
		{E8B41609-26F2-4FB3-8E4A-E199E7A94D79}.Debug|x64.ActiveCfg = Debug|Any CPU
		{E8B41609-26F2-4FB3-8E4A-E199E7A94D79}.Debug|x64.Build.0 = Debug|Any CPU
		{E8B41609-26F2-4FB3-8E4A-E199E7A94D79}.Release|Any CPU.ActiveCfg = Release|Any CPU
		{E8B41609-26F2-4FB3-8E4A-E199E7A94D79}.Release|Any CPU.Build.0 = Release|Any CPU
		{E8B41609-26F2-4FB3-8E4A-E199E7A94D79}.Release|x64.ActiveCfg = Release|Any CPU
		{E8B41609-26F2-4FB3-8E4A-E199E7A94D79}.Release|x64.Build.0 = Release|Any CPU
		{6CFCA03A-50EF-42A3-A4BA-82BB2DB8DFD2}.Debug|Any CPU.ActiveCfg = Debug|Any CPU
		{6CFCA03A-50EF-42A3-A4BA-82BB2DB8DFD2}.Debug|Any CPU.Build.0 = Debug|Any CPU
		{6CFCA03A-50EF-42A3-A4BA-82BB2DB8DFD2}.Debug|x64.ActiveCfg = Debug|Any CPU
		{6CFCA03A-50EF-42A3-A4BA-82BB2DB8DFD2}.Debug|x64.Build.0 = Debug|Any CPU
		{6CFCA03A-50EF-42A3-A4BA-82BB2DB8DFD2}.Release|Any CPU.ActiveCfg = Release|Any CPU
		{6CFCA03A-50EF-42A3-A4BA-82BB2DB8DFD2}.Release|Any CPU.Build.0 = Release|Any CPU
		{6CFCA03A-50EF-42A3-A4BA-82BB2DB8DFD2}.Release|x64.ActiveCfg = Release|Any CPU
		{6CFCA03A-50EF-42A3-A4BA-82BB2DB8DFD2}.Release|x64.Build.0 = Release|Any CPU
		{F6AA79C1-4E08-4A75-A0B4-FFD2B33D89D7}.Debug|Any CPU.ActiveCfg = Debug|Any CPU
		{F6AA79C1-4E08-4A75-A0B4-FFD2B33D89D7}.Debug|Any CPU.Build.0 = Debug|Any CPU
		{F6AA79C1-4E08-4A75-A0B4-FFD2B33D89D7}.Debug|x64.ActiveCfg = Debug|Any CPU
		{F6AA79C1-4E08-4A75-A0B4-FFD2B33D89D7}.Debug|x64.Build.0 = Debug|Any CPU
		{F6AA79C1-4E08-4A75-A0B4-FFD2B33D89D7}.Release|Any CPU.ActiveCfg = Release|Any CPU
		{F6AA79C1-4E08-4A75-A0B4-FFD2B33D89D7}.Release|Any CPU.Build.0 = Release|Any CPU
		{F6AA79C1-4E08-4A75-A0B4-FFD2B33D89D7}.Release|x64.ActiveCfg = Release|Any CPU
		{F6AA79C1-4E08-4A75-A0B4-FFD2B33D89D7}.Release|x64.Build.0 = Release|Any CPU
		{5A53D22B-87F1-4B16-B54B-D0A8AEAC8E5D}.Debug|Any CPU.ActiveCfg = Debug|Any CPU
		{5A53D22B-87F1-4B16-B54B-D0A8AEAC8E5D}.Debug|Any CPU.Build.0 = Debug|Any CPU
		{5A53D22B-87F1-4B16-B54B-D0A8AEAC8E5D}.Debug|x64.ActiveCfg = Debug|Any CPU
		{5A53D22B-87F1-4B16-B54B-D0A8AEAC8E5D}.Debug|x64.Build.0 = Debug|Any CPU
		{5A53D22B-87F1-4B16-B54B-D0A8AEAC8E5D}.Release|Any CPU.ActiveCfg = Release|Any CPU
		{5A53D22B-87F1-4B16-B54B-D0A8AEAC8E5D}.Release|Any CPU.Build.0 = Release|Any CPU
		{5A53D22B-87F1-4B16-B54B-D0A8AEAC8E5D}.Release|x64.ActiveCfg = Release|Any CPU
		{5A53D22B-87F1-4B16-B54B-D0A8AEAC8E5D}.Release|x64.Build.0 = Release|Any CPU
		{7A9C1111-447D-492B-A83D-9CEA0547CEDF}.Debug|Any CPU.ActiveCfg = Debug|Any CPU
		{7A9C1111-447D-492B-A83D-9CEA0547CEDF}.Debug|Any CPU.Build.0 = Debug|Any CPU
		{7A9C1111-447D-492B-A83D-9CEA0547CEDF}.Debug|x64.ActiveCfg = Debug|Any CPU
		{7A9C1111-447D-492B-A83D-9CEA0547CEDF}.Debug|x64.Build.0 = Debug|Any CPU
		{7A9C1111-447D-492B-A83D-9CEA0547CEDF}.Release|Any CPU.ActiveCfg = Release|Any CPU
		{7A9C1111-447D-492B-A83D-9CEA0547CEDF}.Release|Any CPU.Build.0 = Release|Any CPU
		{7A9C1111-447D-492B-A83D-9CEA0547CEDF}.Release|x64.ActiveCfg = Release|Any CPU
		{7A9C1111-447D-492B-A83D-9CEA0547CEDF}.Release|x64.Build.0 = Release|Any CPU
	EndGlobalSection
	GlobalSection(SolutionProperties) = preSolution
		HideSolutionNode = FALSE
	EndGlobalSection
	GlobalSection(NestedProjects) = preSolution
		{7621784D-D512-42D4-93BF-FA1C856EBCBB} = {359C4D04-4FBD-4B24-A1E1-EED791A7279B}
		{1ED39A02-E017-407D-8D32-FEE8A1E29264} = {1C310670-9791-4F0B-8F2E-6B89E2B7D51C}
		{E8B41609-26F2-4FB3-8E4A-E199E7A94D79} = {359C4D04-4FBD-4B24-A1E1-EED791A7279B}
		{359C4D04-4FBD-4B24-A1E1-EED791A7279B} = {F82390F3-977B-4809-840E-697FB14D80CA}
		{6CFCA03A-50EF-42A3-A4BA-82BB2DB8DFD2} = {359C4D04-4FBD-4B24-A1E1-EED791A7279B}
		{F6AA79C1-4E08-4A75-A0B4-FFD2B33D89D7} = {1C310670-9791-4F0B-8F2E-6B89E2B7D51C}
		{5A53D22B-87F1-4B16-B54B-D0A8AEAC8E5D} = {1C310670-9791-4F0B-8F2E-6B89E2B7D51C}
	EndGlobalSection
	GlobalSection(ExtensibilityGlobals) = postSolution
		SolutionGuid = {BB0B1E45-C907-48E6-8BF0-CC91C47DACD1}
	EndGlobalSection
EndGlobal
